github.com/go-chi/chi/v5 v5.3.0 h1:halUjDxhshgXHMrao5bB8eNBXo/rnzwr8m5m36glehM=
github.com/go-chi/chi/v5 v5.3.0/go.mod h1:R+tYY2hNuVUUjxoPtqUdgBqevM9s9njzkTLutVsOCto=
golang.org/x/sys v0.45.0 h1:dO4czNzziLiiXplLQgBCEpCvXQ3dnkn0SdaZSYdQ+FY=
golang.org/x/sys v0.45.0/go.mod h1:4GL1E5IUh+htKOUEOaiffhrAeqysfVGipDYzABqnCmw=
